
Microsoft Visual Studio Solution File, Format Version 12.00
# Visual Studio Version 16
VisualStudioVersion = 16.0.28407.52
MinimumVisualStudioVersion = 10.0.40219.1
Project("{FAE04EC0-301F-11D3-BF4B-00C04F79EFBC}") = "Cms.Lib", "Cms.Lib\Cms.Lib.csproj", "{7D3F2DB6-B903-4EF2-B834-E3D9DB3DA4A6}"
EndProject
Project("{9A19103F-16F7-4668-BE54-9A1E7A4F7556}") = "Cms.Lib.Tests", "Cms.Lib.Tests\Cms.Lib.Tests.csproj", "{72E3A5B9-4EE8-4402-A36B-F32FC258FB28}"
EndProject
Global
	GlobalSection(SolutionConfigurationPlatforms) = preSolution
		Debug|Any CPU = Debug|Any CPU
		Release|Any CPU = Release|Any CPU
	EndGlobalSection
	GlobalSection(ProjectConfigurationPlatforms) = postSolution
		{7D3F2DB6-B903-4EF2-B834-E3D9DB3DA4A6}.Debug|Any CPU.ActiveCfg = Debug|Any CPU
		{7D3F2DB6-B903-4EF2-B834-E3D9DB3DA4A6}.Debug|Any CPU.Build.0 = Debug|Any CPU
		{7D3F2DB6-B903-4EF2-B834-E3D9DB3DA4A6}.Release|Any CPU.ActiveCfg = Release|Any CPU
		{7D3F2DB6-B903-4EF2-B834-E3D9DB3DA4A6}.Release|Any CPU.Build.0 = Release|Any CPU
		{72E3A5B9-4EE8-4402-A36B-F32FC258FB28}.Debug|Any CPU.ActiveCfg = Debug|Any CPU
		{72E3A5B9-4EE8-4402-A36B-F32FC258FB28}.Debug|Any CPU.Build.0 = Debug|Any CPU
		{72E3A5B9-4EE8-4402-A36B-F32FC258FB28}.Release|Any CPU.ActiveCfg = Release|Any CPU
		{72E3A5B9-4EE8-4402-A36B-F32FC258FB28}.Release|Any CPU.Build.0 = Release|Any CPU
	EndGlobalSection
	GlobalSection(SolutionProperties) = preSolution
		HideSolutionNode = FALSE
	EndGlobalSection
	GlobalSection(ExtensibilityGlobals) = postSolution
		SolutionGuid = {A143ED98-5AA3-4137-A426-A12A3797FBF9}
	EndGlobalSection
EndGlobal
